
Microsoft Visual Studio Solution File, Format Version 12.00
# Visual Studio Version 17
VisualStudioVersion = 17.5.33516.290
MinimumVisualStudioVersion = 10.0.40219.1
Project("{FAE04EC0-301F-11D3-BF4B-00C04F79EFBC}") = "Prog_1", "Prog_1.csproj", "{50BB8F8E-7214-44C1-8CC1-49284917189C}"
EndProject
Global
	GlobalSection(SolutionConfigurationPlatforms) = preSolution
		Debug|Any CPU = Debug|Any CPU
		Release|Any CPU = Release|Any CPU
	EndGlobalSection
	GlobalSection(ProjectConfigurationPlatforms) = postSolution
		{50BB8F8E-7214-44C1-8CC1-49284917189C}.Debug|Any CPU.ActiveCfg = Debug|Any CPU
		{50BB8F8E-7214-44C1-8CC1-49284917189C}.Debug|Any CPU.Build.0 = Debug|Any CPU
		{50BB8F8E-7214-44C1-8CC1-49284917189C}.Release|Any CPU.ActiveCfg = Release|Any CPU
		{50BB8F8E-7214-44C1-8CC1-49284917189C}.Release|Any CPU.Build.0 = Release|Any CPU
	EndGlobalSection
	GlobalSection(SolutionProperties) = preSolution
		HideSolutionNode = FALSE
	EndGlobalSection
	GlobalSection(ExtensibilityGlobals) = postSolution
		SolutionGuid = {4ACB006E-632D-4DC1-9443-36AE3D1D9A9F}
	EndGlobalSection
EndGlobal
